
Microsoft Visual Studio Solution File, Format Version 12.00
# Visual Studio Version 17
VisualStudioVersion = 17.0.31903.59
MinimumVisualStudioVersion = 10.0.40219.1
Project("{2150E333-8FDC-42A3-9474-1A3956D46DE8}") = "src", "src", "{0BA883B5-36CE-459D-9507-C3AF24DE7739}"
EndProject
Project("{FAE04EC0-301F-11D3-BF4B-00C04F79EFBC}") = "JustPlatform.Migrations", "src\JustPlatform.Migrations\JustPlatform.Migrations.csproj", "{2508E91C-E506-4DC3-88ED-B2ECB4E0D011}"
EndProject
Project("{2150E333-8FDC-42A3-9474-1A3956D46DE8}") = "common", "common", "{4B06B7AA-E960-4118-BEBD-A6552552A40E}"
	ProjectSection(SolutionItems) = preProject
		Directory.Build.props = Directory.Build.props
		Directory.Build.targets = Directory.Build.targets
		LICENSE = LICENSE
		README.md = README.md
		.gitignore = .gitignore
		Directory.Packages.props = Directory.Packages.props
		.editorconfig = .editorconfig
		.releaserc.json = .releaserc.json
	EndProjectSection
EndProject
Project("{FAE04EC0-301F-11D3-BF4B-00C04F79EFBC}") = "JustPlatform.Domain", "src\JustPlatform.Domain\JustPlatform.Domain.csproj", "{B714D6FB-7848-4672-8963-776D5D5784DF}"
EndProject
Project("{FAE04EC0-301F-11D3-BF4B-00C04F79EFBC}") = "JustPlatform.Functionality", "src\JustPlatform.Functionality\JustPlatform.Functionality.csproj", "{0E8F04AD-DE35-44F7-A84D-816CB3967150}"
EndProject
Project("{FAE04EC0-301F-11D3-BF4B-00C04F79EFBC}") = "JustPlatform.Extensions", "src\JustPlatform.Extensions\JustPlatform.Extensions.csproj", "{350547A8-CB1D-43CE-99FF-A055470FB6CF}"
EndProject
Project("{2150E333-8FDC-42A3-9474-1A3956D46DE8}") = "examples", "examples", "{7644C111-3991-4DBC-9F6F-44986A544C48}"
EndProject
Project("{FAE04EC0-301F-11D3-BF4B-00C04F79EFBC}") = "JustPlatform.Extensions.Dictionary", "examples\JustPlatform.Extensions.Dictionary\JustPlatform.Extensions.Dictionary.csproj", "{D7AAD4E6-4A86-4CCD-9E68-F239AC1D1B6A}"
EndProject
Project("{FAE04EC0-301F-11D3-BF4B-00C04F79EFBC}") = "JustPlatform", "src\JustPlatform\JustPlatform.csproj", "{5B507EDF-D64E-4523-B2C9-D6D29B26177D}"
EndProject
Project("{FAE04EC0-301F-11D3-BF4B-00C04F79EFBC}") = "JustPlatform.Hosting", "src\JustPlatform.Hosting\JustPlatform.Hosting.csproj", "{F892BAC1-48CD-4296-BB7D-95E349573B14}"
EndProject
Project("{FAE04EC0-301F-11D3-BF4B-00C04F79EFBC}") = "JustPlatform.Configuration", "src\JustPlatform.Configuration\JustPlatform.Configuration.csproj", "{87C8BC88-53A7-441B-8DAC-076E52A9848A}"
EndProject
Global
	GlobalSection(SolutionConfigurationPlatforms) = preSolution
		Debug|Any CPU = Debug|Any CPU
		Debug|x64 = Debug|x64
		Debug|x86 = Debug|x86
		Release|Any CPU = Release|Any CPU
		Release|x64 = Release|x64
		Release|x86 = Release|x86
		DebugNugetPackages|Any CPU = DebugNugetPackages|Any CPU
		DebugNugetPackages|x64 = DebugNugetPackages|x64
		DebugNugetPackages|x86 = DebugNugetPackages|x86
	EndGlobalSection
	GlobalSection(ProjectConfigurationPlatforms) = postSolution
		{2508E91C-E506-4DC3-88ED-B2ECB4E0D011}.Debug|Any CPU.ActiveCfg = Debug|Any CPU
		{2508E91C-E506-4DC3-88ED-B2ECB4E0D011}.Debug|Any CPU.Build.0 = Debug|Any CPU
		{2508E91C-E506-4DC3-88ED-B2ECB4E0D011}.Debug|x64.ActiveCfg = Debug|Any CPU
		{2508E91C-E506-4DC3-88ED-B2ECB4E0D011}.Debug|x64.Build.0 = Debug|Any CPU
		{2508E91C-E506-4DC3-88ED-B2ECB4E0D011}.Debug|x86.ActiveCfg = Debug|Any CPU
		{2508E91C-E506-4DC3-88ED-B2ECB4E0D011}.Debug|x86.Build.0 = Debug|Any CPU
		{2508E91C-E506-4DC3-88ED-B2ECB4E0D011}.Release|Any CPU.ActiveCfg = Release|Any CPU
		{2508E91C-E506-4DC3-88ED-B2ECB4E0D011}.Release|Any CPU.Build.0 = Release|Any CPU
		{2508E91C-E506-4DC3-88ED-B2ECB4E0D011}.Release|x64.ActiveCfg = Release|Any CPU
		{2508E91C-E506-4DC3-88ED-B2ECB4E0D011}.Release|x64.Build.0 = Release|Any CPU
		{2508E91C-E506-4DC3-88ED-B2ECB4E0D011}.Release|x86.ActiveCfg = Release|Any CPU
		{2508E91C-E506-4DC3-88ED-B2ECB4E0D011}.Release|x86.Build.0 = Release|Any CPU
		{2508E91C-E506-4DC3-88ED-B2ECB4E0D011}.DebugNugetPackages|Any CPU.ActiveCfg = DebugNugetPackages|Any CPU
		{2508E91C-E506-4DC3-88ED-B2ECB4E0D011}.DebugNugetPackages|Any CPU.Build.0 = DebugNugetPackages|Any CPU
		{2508E91C-E506-4DC3-88ED-B2ECB4E0D011}.DebugNugetPackages|x64.ActiveCfg = DebugNugetPackages|Any CPU
		{2508E91C-E506-4DC3-88ED-B2ECB4E0D011}.DebugNugetPackages|x64.Build.0 = DebugNugetPackages|Any CPU
		{2508E91C-E506-4DC3-88ED-B2ECB4E0D011}.DebugNugetPackages|x86.ActiveCfg = DebugNugetPackages|Any CPU
		{2508E91C-E506-4DC3-88ED-B2ECB4E0D011}.DebugNugetPackages|x86.Build.0 = DebugNugetPackages|Any CPU
		{B714D6FB-7848-4672-8963-776D5D5784DF}.Debug|Any CPU.ActiveCfg = Debug|Any CPU
		{B714D6FB-7848-4672-8963-776D5D5784DF}.Debug|Any CPU.Build.0 = Debug|Any CPU
		{B714D6FB-7848-4672-8963-776D5D5784DF}.Debug|x64.ActiveCfg = Debug|Any CPU
		{B714D6FB-7848-4672-8963-776D5D5784DF}.Debug|x64.Build.0 = Debug|Any CPU
		{B714D6FB-7848-4672-8963-776D5D5784DF}.Debug|x86.ActiveCfg = Debug|Any CPU
		{B714D6FB-7848-4672-8963-776D5D5784DF}.Debug|x86.Build.0 = Debug|Any CPU
		{B714D6FB-7848-4672-8963-776D5D5784DF}.Release|Any CPU.ActiveCfg = Release|Any CPU
		{B714D6FB-7848-4672-8963-776D5D5784DF}.Release|Any CPU.Build.0 = Release|Any CPU
		{B714D6FB-7848-4672-8963-776D5D5784DF}.Release|x64.ActiveCfg = Release|Any CPU
		{B714D6FB-7848-4672-8963-776D5D5784DF}.Release|x64.Build.0 = Release|Any CPU
		{B714D6FB-7848-4672-8963-776D5D5784DF}.Release|x86.ActiveCfg = Release|Any CPU
		{B714D6FB-7848-4672-8963-776D5D5784DF}.Release|x86.Build.0 = Release|Any CPU
		{B714D6FB-7848-4672-8963-776D5D5784DF}.DebugNugetPackages|Any CPU.ActiveCfg = DebugNugetPackages|Any CPU
		{B714D6FB-7848-4672-8963-776D5D5784DF}.DebugNugetPackages|Any CPU.Build.0 = DebugNugetPackages|Any CPU
		{B714D6FB-7848-4672-8963-776D5D5784DF}.DebugNugetPackages|x64.ActiveCfg = DebugNugetPackages|Any CPU
		{B714D6FB-7848-4672-8963-776D5D5784DF}.DebugNugetPackages|x64.Build.0 = DebugNugetPackages|Any CPU
		{B714D6FB-7848-4672-8963-776D5D5784DF}.DebugNugetPackages|x86.ActiveCfg = DebugNugetPackages|Any CPU
		{B714D6FB-7848-4672-8963-776D5D5784DF}.DebugNugetPackages|x86.Build.0 = DebugNugetPackages|Any CPU
		{0E8F04AD-DE35-44F7-A84D-816CB3967150}.Debug|Any CPU.ActiveCfg = Debug|Any CPU
		{0E8F04AD-DE35-44F7-A84D-816CB3967150}.Debug|Any CPU.Build.0 = Debug|Any CPU
		{0E8F04AD-DE35-44F7-A84D-816CB3967150}.Debug|x64.ActiveCfg = Debug|Any CPU
		{0E8F04AD-DE35-44F7-A84D-816CB3967150}.Debug|x64.Build.0 = Debug|Any CPU
		{0E8F04AD-DE35-44F7-A84D-816CB3967150}.Debug|x86.ActiveCfg = Debug|Any CPU
		{0E8F04AD-DE35-44F7-A84D-816CB3967150}.Debug|x86.Build.0 = Debug|Any CPU
		{0E8F04AD-DE35-44F7-A84D-816CB3967150}.Release|Any CPU.ActiveCfg = Release|Any CPU
		{0E8F04AD-DE35-44F7-A84D-816CB3967150}.Release|Any CPU.Build.0 = Release|Any CPU
		{0E8F04AD-DE35-44F7-A84D-816CB3967150}.Release|x64.ActiveCfg = Release|Any CPU
		{0E8F04AD-DE35-44F7-A84D-816CB3967150}.Release|x64.Build.0 = Release|Any CPU
		{0E8F04AD-DE35-44F7-A84D-816CB3967150}.Release|x86.ActiveCfg = Release|Any CPU
		{0E8F04AD-DE35-44F7-A84D-816CB3967150}.Release|x86.Build.0 = Release|Any CPU
		{0E8F04AD-DE35-44F7-A84D-816CB3967150}.DebugNugetPackages|Any CPU.ActiveCfg = DebugNugetPackages|Any CPU
		{0E8F04AD-DE35-44F7-A84D-816CB3967150}.DebugNugetPackages|Any CPU.Build.0 = DebugNugetPackages|Any CPU
		{0E8F04AD-DE35-44F7-A84D-816CB3967150}.DebugNugetPackages|x64.ActiveCfg = DebugNugetPackages|Any CPU
		{0E8F04AD-DE35-44F7-A84D-816CB3967150}.DebugNugetPackages|x64.Build.0 = DebugNugetPackages|Any CPU
		{0E8F04AD-DE35-44F7-A84D-816CB3967150}.DebugNugetPackages|x86.ActiveCfg = DebugNugetPackages|Any CPU
		{0E8F04AD-DE35-44F7-A84D-816CB3967150}.DebugNugetPackages|x86.Build.0 = DebugNugetPackages|Any CPU
		{350547A8-CB1D-43CE-99FF-A055470FB6CF}.Debug|Any CPU.ActiveCfg = Debug|Any CPU
		{350547A8-CB1D-43CE-99FF-A055470FB6CF}.Debug|Any CPU.Build.0 = Debug|Any CPU
		{350547A8-CB1D-43CE-99FF-A055470FB6CF}.Debug|x64.ActiveCfg = Debug|Any CPU
		{350547A8-CB1D-43CE-99FF-A055470FB6CF}.Debug|x64.Build.0 = Debug|Any CPU
		{350547A8-CB1D-43CE-99FF-A055470FB6CF}.Debug|x86.ActiveCfg = Debug|Any CPU
		{350547A8-CB1D-43CE-99FF-A055470FB6CF}.Debug|x86.Build.0 = Debug|Any CPU
		{350547A8-CB1D-43CE-99FF-A055470FB6CF}.Release|Any CPU.ActiveCfg = Release|Any CPU
		{350547A8-CB1D-43CE-99FF-A055470FB6CF}.Release|Any CPU.Build.0 = Release|Any CPU
		{350547A8-CB1D-43CE-99FF-A055470FB6CF}.Release|x64.ActiveCfg = Release|Any CPU
		{350547A8-CB1D-43CE-99FF-A055470FB6CF}.Release|x64.Build.0 = Release|Any CPU
		{350547A8-CB1D-43CE-99FF-A055470FB6CF}.Release|x86.ActiveCfg = Release|Any CPU
		{350547A8-CB1D-43CE-99FF-A055470FB6CF}.Release|x86.Build.0 = Release|Any CPU
		{350547A8-CB1D-43CE-99FF-A055470FB6CF}.DebugNugetPackages|Any CPU.ActiveCfg = DebugNugetPackages|Any CPU
		{350547A8-CB1D-43CE-99FF-A055470FB6CF}.DebugNugetPackages|Any CPU.Build.0 = DebugNugetPackages|Any CPU
		{350547A8-CB1D-43CE-99FF-A055470FB6CF}.DebugNugetPackages|x64.ActiveCfg = DebugNugetPackages|Any CPU
		{350547A8-CB1D-43CE-99FF-A055470FB6CF}.DebugNugetPackages|x64.Build.0 = DebugNugetPackages|Any CPU
		{350547A8-CB1D-43CE-99FF-A055470FB6CF}.DebugNugetPackages|x86.ActiveCfg = DebugNugetPackages|Any CPU
		{350547A8-CB1D-43CE-99FF-A055470FB6CF}.DebugNugetPackages|x86.Build.0 = DebugNugetPackages|Any CPU
		{D7AAD4E6-4A86-4CCD-9E68-F239AC1D1B6A}.Debug|Any CPU.ActiveCfg = Debug|Any CPU
		{D7AAD4E6-4A86-4CCD-9E68-F239AC1D1B6A}.Debug|Any CPU.Build.0 = Debug|Any CPU
		{D7AAD4E6-4A86-4CCD-9E68-F239AC1D1B6A}.Debug|x64.ActiveCfg = Debug|Any CPU
		{D7AAD4E6-4A86-4CCD-9E68-F239AC1D1B6A}.Debug|x64.Build.0 = Debug|Any CPU
		{D7AAD4E6-4A86-4CCD-9E68-F239AC1D1B6A}.Debug|x86.ActiveCfg = Debug|Any CPU
		{D7AAD4E6-4A86-4CCD-9E68-F239AC1D1B6A}.Debug|x86.Build.0 = Debug|Any CPU
		{D7AAD4E6-4A86-4CCD-9E68-F239AC1D1B6A}.Release|Any CPU.ActiveCfg = Release|Any CPU
		{D7AAD4E6-4A86-4CCD-9E68-F239AC1D1B6A}.Release|Any CPU.Build.0 = Release|Any CPU
		{D7AAD4E6-4A86-4CCD-9E68-F239AC1D1B6A}.Release|x64.ActiveCfg = Release|Any CPU
		{D7AAD4E6-4A86-4CCD-9E68-F239AC1D1B6A}.Release|x64.Build.0 = Release|Any CPU
		{D7AAD4E6-4A86-4CCD-9E68-F239AC1D1B6A}.Release|x86.ActiveCfg = Release|Any CPU
		{D7AAD4E6-4A86-4CCD-9E68-F239AC1D1B6A}.Release|x86.Build.0 = Release|Any CPU
		{D7AAD4E6-4A86-4CCD-9E68-F239AC1D1B6A}.DebugNugetPackages|Any CPU.ActiveCfg = Debug|Any CPU
		{D7AAD4E6-4A86-4CCD-9E68-F239AC1D1B6A}.DebugNugetPackages|Any CPU.Build.0 = Debug|Any CPU
		{D7AAD4E6-4A86-4CCD-9E68-F239AC1D1B6A}.DebugNugetPackages|x64.ActiveCfg = DebugNugetPackages|Any CPU
		{D7AAD4E6-4A86-4CCD-9E68-F239AC1D1B6A}.DebugNugetPackages|x64.Build.0 = DebugNugetPackages|Any CPU
		{D7AAD4E6-4A86-4CCD-9E68-F239AC1D1B6A}.DebugNugetPackages|x86.ActiveCfg = DebugNugetPackages|Any CPU
		{D7AAD4E6-4A86-4CCD-9E68-F239AC1D1B6A}.DebugNugetPackages|x86.Build.0 = DebugNugetPackages|Any CPU
		{5B507EDF-D64E-4523-B2C9-D6D29B26177D}.Debug|Any CPU.ActiveCfg = Debug|Any CPU
		{5B507EDF-D64E-4523-B2C9-D6D29B26177D}.Debug|Any CPU.Build.0 = Debug|Any CPU
		{5B507EDF-D64E-4523-B2C9-D6D29B26177D}.Debug|x64.ActiveCfg = Debug|Any CPU
		{5B507EDF-D64E-4523-B2C9-D6D29B26177D}.Debug|x64.Build.0 = Debug|Any CPU
		{5B507EDF-D64E-4523-B2C9-D6D29B26177D}.Debug|x86.ActiveCfg = Debug|Any CPU
		{5B507EDF-D64E-4523-B2C9-D6D29B26177D}.Debug|x86.Build.0 = Debug|Any CPU
		{5B507EDF-D64E-4523-B2C9-D6D29B26177D}.Release|Any CPU.ActiveCfg = Release|Any CPU
		{5B507EDF-D64E-4523-B2C9-D6D29B26177D}.Release|Any CPU.Build.0 = Release|Any CPU
		{5B507EDF-D64E-4523-B2C9-D6D29B26177D}.Release|x64.ActiveCfg = Release|Any CPU
		{5B507EDF-D64E-4523-B2C9-D6D29B26177D}.Release|x64.Build.0 = Release|Any CPU
		{5B507EDF-D64E-4523-B2C9-D6D29B26177D}.Release|x86.ActiveCfg = Release|Any CPU
		{5B507EDF-D64E-4523-B2C9-D6D29B26177D}.Release|x86.Build.0 = Release|Any CPU
		{5B507EDF-D64E-4523-B2C9-D6D29B26177D}.DebugNugetPackages|Any CPU.ActiveCfg = Debug|Any CPU
		{5B507EDF-D64E-4523-B2C9-D6D29B26177D}.DebugNugetPackages|Any CPU.Build.0 = Debug|Any CPU
		{5B507EDF-D64E-4523-B2C9-D6D29B26177D}.DebugNugetPackages|x64.ActiveCfg = Debug|Any CPU
		{5B507EDF-D64E-4523-B2C9-D6D29B26177D}.DebugNugetPackages|x64.Build.0 = Debug|Any CPU
		{5B507EDF-D64E-4523-B2C9-D6D29B26177D}.DebugNugetPackages|x86.ActiveCfg = Debug|Any CPU
		{5B507EDF-D64E-4523-B2C9-D6D29B26177D}.DebugNugetPackages|x86.Build.0 = Debug|Any CPU
		{F892BAC1-48CD-4296-BB7D-95E349573B14}.Debug|Any CPU.ActiveCfg = Debug|Any CPU
		{F892BAC1-48CD-4296-BB7D-95E349573B14}.Debug|Any CPU.Build.0 = Debug|Any CPU
		{F892BAC1-48CD-4296-BB7D-95E349573B14}.Debug|x64.ActiveCfg = Debug|Any CPU
		{F892BAC1-48CD-4296-BB7D-95E349573B14}.Debug|x64.Build.0 = Debug|Any CPU
		{F892BAC1-48CD-4296-BB7D-95E349573B14}.Debug|x86.ActiveCfg = Debug|Any CPU
		{F892BAC1-48CD-4296-BB7D-95E349573B14}.Debug|x86.Build.0 = Debug|Any CPU
		{F892BAC1-48CD-4296-BB7D-95E349573B14}.Release|Any CPU.ActiveCfg = Release|Any CPU
		{F892BAC1-48CD-4296-BB7D-95E349573B14}.Release|Any CPU.Build.0 = Release|Any CPU
		{F892BAC1-48CD-4296-BB7D-95E349573B14}.Release|x64.ActiveCfg = Release|Any CPU
		{F892BAC1-48CD-4296-BB7D-95E349573B14}.Release|x64.Build.0 = Release|Any CPU
		{F892BAC1-48CD-4296-BB7D-95E349573B14}.Release|x86.ActiveCfg = Release|Any CPU
		{F892BAC1-48CD-4296-BB7D-95E349573B14}.Release|x86.Build.0 = Release|Any CPU
		{F892BAC1-48CD-4296-BB7D-95E349573B14}.DebugNugetPackages|Any CPU.ActiveCfg = Debug|Any CPU
		{F892BAC1-48CD-4296-BB7D-95E349573B14}.DebugNugetPackages|Any CPU.Build.0 = Debug|Any CPU
		{F892BAC1-48CD-4296-BB7D-95E349573B14}.DebugNugetPackages|x64.ActiveCfg = Debug|Any CPU
		{F892BAC1-48CD-4296-BB7D-95E349573B14}.DebugNugetPackages|x64.Build.0 = Debug|Any CPU
		{F892BAC1-48CD-4296-BB7D-95E349573B14}.DebugNugetPackages|x86.ActiveCfg = Debug|Any CPU
		{F892BAC1-48CD-4296-BB7D-95E349573B14}.DebugNugetPackages|x86.Build.0 = Debug|Any CPU
		{87C8BC88-53A7-441B-8DAC-076E52A9848A}.Debug|Any CPU.ActiveCfg = Debug|Any CPU
		{87C8BC88-53A7-441B-8DAC-076E52A9848A}.Debug|Any CPU.Build.0 = Debug|Any CPU
		{87C8BC88-53A7-441B-8DAC-076E52A9848A}.Debug|x64.ActiveCfg = Debug|Any CPU
		{87C8BC88-53A7-441B-8DAC-076E52A9848A}.Debug|x64.Build.0 = Debug|Any CPU
		{87C8BC88-53A7-441B-8DAC-076E52A9848A}.Debug|x86.ActiveCfg = Debug|Any CPU
		{87C8BC88-53A7-441B-8DAC-076E52A9848A}.Debug|x86.Build.0 = Debug|Any CPU
		{87C8BC88-53A7-441B-8DAC-076E52A9848A}.Release|Any CPU.ActiveCfg = Release|Any CPU
		{87C8BC88-53A7-441B-8DAC-076E52A9848A}.Release|Any CPU.Build.0 = Release|Any CPU
		{87C8BC88-53A7-441B-8DAC-076E52A9848A}.Release|x64.ActiveCfg = Release|Any CPU
		{87C8BC88-53A7-441B-8DAC-076E52A9848A}.Release|x64.Build.0 = Release|Any CPU
		{87C8BC88-53A7-441B-8DAC-076E52A9848A}.Release|x86.ActiveCfg = Release|Any CPU
		{87C8BC88-53A7-441B-8DAC-076E52A9848A}.Release|x86.Build.0 = Release|Any CPU
		{87C8BC88-53A7-441B-8DAC-076E52A9848A}.DebugNugetPackages|Any CPU.ActiveCfg = Debug|Any CPU
		{87C8BC88-53A7-441B-8DAC-076E52A9848A}.DebugNugetPackages|Any CPU.Build.0 = Debug|Any CPU
		{87C8BC88-53A7-441B-8DAC-076E52A9848A}.DebugNugetPackages|x64.ActiveCfg = Debug|Any CPU
		{87C8BC88-53A7-441B-8DAC-076E52A9848A}.DebugNugetPackages|x64.Build.0 = Debug|Any CPU
		{87C8BC88-53A7-441B-8DAC-076E52A9848A}.DebugNugetPackages|x86.ActiveCfg = Debug|Any CPU
		{87C8BC88-53A7-441B-8DAC-076E52A9848A}.DebugNugetPackages|x86.Build.0 = Debug|Any CPU
	EndGlobalSection
	GlobalSection(SolutionProperties) = preSolution
		HideSolutionNode = FALSE
	EndGlobalSection
	GlobalSection(NestedProjects) = preSolution
		{2508E91C-E506-4DC3-88ED-B2ECB4E0D011} = {0BA883B5-36CE-459D-9507-C3AF24DE7739}
		{B714D6FB-7848-4672-8963-776D5D5784DF} = {0BA883B5-36CE-459D-9507-C3AF24DE7739}
		{0E8F04AD-DE35-44F7-A84D-816CB3967150} = {0BA883B5-36CE-459D-9507-C3AF24DE7739}
		{350547A8-CB1D-43CE-99FF-A055470FB6CF} = {0BA883B5-36CE-459D-9507-C3AF24DE7739}
		{D7AAD4E6-4A86-4CCD-9E68-F239AC1D1B6A} = {7644C111-3991-4DBC-9F6F-44986A544C48}
		{5B507EDF-D64E-4523-B2C9-D6D29B26177D} = {0BA883B5-36CE-459D-9507-C3AF24DE7739}
		{F892BAC1-48CD-4296-BB7D-95E349573B14} = {0BA883B5-36CE-459D-9507-C3AF24DE7739}
		{87C8BC88-53A7-441B-8DAC-076E52A9848A} = {0BA883B5-36CE-459D-9507-C3AF24DE7739}
	EndGlobalSection
EndGlobal
